
Microsoft Visual Studio Solution File, Format Version 12.00
# Visual Studio Version 17
VisualStudioVersion = 17.10.35027.167
MinimumVisualStudioVersion = 10.0.40219.1
Project("{FAE04EC0-301F-11D3-BF4B-00C04F79EFBC}") = "HandsOnEFDBFirst", "HandsOnEFDBFirst.csproj", "{AAA9E91B-6473-46C8-A81F-A9B12B9F8917}"
EndProject
Global
	GlobalSection(SolutionConfigurationPlatforms) = preSolution
		Debug|Any CPU = Debug|Any CPU
		Release|Any CPU = Release|Any CPU
	EndGlobalSection
	GlobalSection(ProjectConfigurationPlatforms) = postSolution
		{AAA9E91B-6473-46C8-A81F-A9B12B9F8917}.Debug|Any CPU.ActiveCfg = Debug|Any CPU
		{AAA9E91B-6473-46C8-A81F-A9B12B9F8917}.Debug|Any CPU.Build.0 = Debug|Any CPU
		{AAA9E91B-6473-46C8-A81F-A9B12B9F8917}.Release|Any CPU.ActiveCfg = Release|Any CPU
		{AAA9E91B-6473-46C8-A81F-A9B12B9F8917}.Release|Any CPU.Build.0 = Release|Any CPU
	EndGlobalSection
	GlobalSection(SolutionProperties) = preSolution
		HideSolutionNode = FALSE
	EndGlobalSection
	GlobalSection(ExtensibilityGlobals) = postSolution
		SolutionGuid = {692B5DB1-18B1-4AA2-820E-BED2B7AC6805}
	EndGlobalSection
EndGlobal
