
Microsoft Visual Studio Solution File, Format Version 12.00
# Visual Studio Version 17
VisualStudioVersion = 17.10.35013.160
MinimumVisualStudioVersion = 10.0.40219.1
Project("{FAE04EC0-301F-11D3-BF4B-00C04F79EFBC}") = "MyLibrary", "MyLibrary\MyLibrary.csproj", "{DE892E49-8ABD-4A2A-9263-78893C4A48EA}"
EndProject
Project("{FAE04EC0-301F-11D3-BF4B-00C04F79EFBC}") = "ConsoleClient", "ConsoleClient\ConsoleClient.csproj", "{E6756458-FE3E-4D79-B5DF-DEC85431080A}"
EndProject
Global
	GlobalSection(SolutionConfigurationPlatforms) = preSolution
		Debug|Any CPU = Debug|Any CPU
		Release|Any CPU = Release|Any CPU
	EndGlobalSection
	GlobalSection(ProjectConfigurationPlatforms) = postSolution
		{DE892E49-8ABD-4A2A-9263-78893C4A48EA}.Debug|Any CPU.ActiveCfg = Debug|Any CPU
		{DE892E49-8ABD-4A2A-9263-78893C4A48EA}.Debug|Any CPU.Build.0 = Debug|Any CPU
		{DE892E49-8ABD-4A2A-9263-78893C4A48EA}.Release|Any CPU.ActiveCfg = Release|Any CPU
		{DE892E49-8ABD-4A2A-9263-78893C4A48EA}.Release|Any CPU.Build.0 = Release|Any CPU
		{E6756458-FE3E-4D79-B5DF-DEC85431080A}.Debug|Any CPU.ActiveCfg = Debug|Any CPU
		{E6756458-FE3E-4D79-B5DF-DEC85431080A}.Debug|Any CPU.Build.0 = Debug|Any CPU
		{E6756458-FE3E-4D79-B5DF-DEC85431080A}.Release|Any CPU.ActiveCfg = Release|Any CPU
		{E6756458-FE3E-4D79-B5DF-DEC85431080A}.Release|Any CPU.Build.0 = Release|Any CPU
	EndGlobalSection
	GlobalSection(SolutionProperties) = preSolution
		HideSolutionNode = FALSE
	EndGlobalSection
	GlobalSection(ExtensibilityGlobals) = postSolution
		SolutionGuid = {DBAA2013-FD6F-4622-9067-F13DC6355E68}
	EndGlobalSection
EndGlobal
