
Microsoft Visual Studio Solution File, Format Version 12.00
# Visual Studio Version 17
VisualStudioVersion = 17.10.35027.167
MinimumVisualStudioVersion = 10.0.40219.1
Project("{FAE04EC0-301F-11D3-BF4B-00C04F79EFBC}") = "MyApi", "MyApi.csproj", "{F03EFE83-5C54-4B48-BDC5-4592C237A24E}"
EndProject
Global
	GlobalSection(SolutionConfigurationPlatforms) = preSolution
		Debug|Any CPU = Debug|Any CPU
		Release|Any CPU = Release|Any CPU
	EndGlobalSection
	GlobalSection(ProjectConfigurationPlatforms) = postSolution
		{F03EFE83-5C54-4B48-BDC5-4592C237A24E}.Debug|Any CPU.ActiveCfg = Debug|Any CPU
		{F03EFE83-5C54-4B48-BDC5-4592C237A24E}.Debug|Any CPU.Build.0 = Debug|Any CPU
		{F03EFE83-5C54-4B48-BDC5-4592C237A24E}.Release|Any CPU.ActiveCfg = Release|Any CPU
		{F03EFE83-5C54-4B48-BDC5-4592C237A24E}.Release|Any CPU.Build.0 = Release|Any CPU
	EndGlobalSection
	GlobalSection(SolutionProperties) = preSolution
		HideSolutionNode = FALSE
	EndGlobalSection
	GlobalSection(ExtensibilityGlobals) = postSolution
		SolutionGuid = {0AA496C4-395A-4805-95BF-0C01BDD4CE6E}
	EndGlobalSection
EndGlobal
