
Microsoft Visual Studio Solution File, Format Version 12.00
# Visual Studio Version 16
VisualStudioVersion = 16.0.30413.136
MinimumVisualStudioVersion = 10.0.40219.1
Project("{FAE04EC0-301F-11D3-BF4B-00C04F79EFBC}") = "CalculateService", "CalculateService\CalculateService.csproj", "{5B762639-82E5-4F71-98DC-07B64208BE4E}"
EndProject
Project("{FAE04EC0-301F-11D3-BF4B-00C04F79EFBC}") = "XUnitTest", "XUnitTest\XUnitTest.csproj", "{74378FB0-E832-42B4-BE55-79E401A42A6C}"
EndProject
Global
	GlobalSection(SolutionConfigurationPlatforms) = preSolution
		Debug|Any CPU = Debug|Any CPU
		Release|Any CPU = Release|Any CPU
	EndGlobalSection
	GlobalSection(ProjectConfigurationPlatforms) = postSolution
		{5B762639-82E5-4F71-98DC-07B64208BE4E}.Debug|Any CPU.ActiveCfg = Debug|Any CPU
		{5B762639-82E5-4F71-98DC-07B64208BE4E}.Debug|Any CPU.Build.0 = Debug|Any CPU
		{5B762639-82E5-4F71-98DC-07B64208BE4E}.Release|Any CPU.ActiveCfg = Release|Any CPU
		{5B762639-82E5-4F71-98DC-07B64208BE4E}.Release|Any CPU.Build.0 = Release|Any CPU
		{74378FB0-E832-42B4-BE55-79E401A42A6C}.Debug|Any CPU.ActiveCfg = Debug|Any CPU
		{74378FB0-E832-42B4-BE55-79E401A42A6C}.Debug|Any CPU.Build.0 = Debug|Any CPU
		{74378FB0-E832-42B4-BE55-79E401A42A6C}.Release|Any CPU.ActiveCfg = Release|Any CPU
		{74378FB0-E832-42B4-BE55-79E401A42A6C}.Release|Any CPU.Build.0 = Release|Any CPU
	EndGlobalSection
	GlobalSection(SolutionProperties) = preSolution
		HideSolutionNode = FALSE
	EndGlobalSection
	GlobalSection(ExtensibilityGlobals) = postSolution
		SolutionGuid = {A6DFEC0A-6D30-4561-83C0-C01EE91FC6D9}
	EndGlobalSection
EndGlobal
