
Microsoft Visual Studio Solution File, Format Version 12.00
# Visual Studio Version 17
VisualStudioVersion = 17.10.35013.160
MinimumVisualStudioVersion = 10.0.40219.1
Project("{FAE04EC0-301F-11D3-BF4B-00C04F79EFBC}") = "ConsoleClient", "ConsoleClient\ConsoleClient.csproj", "{79A0ECBE-7585-4AEB-9375-6A274CC5F09D}"
EndProject
Global
	GlobalSection(SolutionConfigurationPlatforms) = preSolution
		Debug|Any CPU = Debug|Any CPU
		Release|Any CPU = Release|Any CPU
	EndGlobalSection
	GlobalSection(ProjectConfigurationPlatforms) = postSolution
		{79A0ECBE-7585-4AEB-9375-6A274CC5F09D}.Debug|Any CPU.ActiveCfg = Debug|Any CPU
		{79A0ECBE-7585-4AEB-9375-6A274CC5F09D}.Debug|Any CPU.Build.0 = Debug|Any CPU
		{79A0ECBE-7585-4AEB-9375-6A274CC5F09D}.Release|Any CPU.ActiveCfg = Release|Any CPU
		{79A0ECBE-7585-4AEB-9375-6A274CC5F09D}.Release|Any CPU.Build.0 = Release|Any CPU
	EndGlobalSection
	GlobalSection(SolutionProperties) = preSolution
		HideSolutionNode = FALSE
	EndGlobalSection
	GlobalSection(ExtensibilityGlobals) = postSolution
		SolutionGuid = {51E066D2-9FDE-4B2A-81C4-86BA0D9D619E}
	EndGlobalSection
EndGlobal
