
Microsoft Visual Studio Solution File, Format Version 12.00
# Visual Studio Version 17
VisualStudioVersion = 17.10.35013.160
MinimumVisualStudioVersion = 10.0.40219.1
Project("{FAE04EC0-301F-11D3-BF4B-00C04F79EFBC}") = "HandsOnDelegates", "HandsOnDelegates.csproj", "{919A5C62-545A-49B8-9626-705F4154203A}"
EndProject
Project("{FAE04EC0-301F-11D3-BF4B-00C04F79EFBC}") = "WinFormsApp1", "..\WinFormsApp1\WinFormsApp1.csproj", "{101B9434-C491-4E02-BBCE-2AE4B6F1F3A4}"
EndProject
Global
	GlobalSection(SolutionConfigurationPlatforms) = preSolution
		Debug|Any CPU = Debug|Any CPU
		Release|Any CPU = Release|Any CPU
	EndGlobalSection
	GlobalSection(ProjectConfigurationPlatforms) = postSolution
		{919A5C62-545A-49B8-9626-705F4154203A}.Debug|Any CPU.ActiveCfg = Debug|Any CPU
		{919A5C62-545A-49B8-9626-705F4154203A}.Debug|Any CPU.Build.0 = Debug|Any CPU
		{919A5C62-545A-49B8-9626-705F4154203A}.Release|Any CPU.ActiveCfg = Release|Any CPU
		{919A5C62-545A-49B8-9626-705F4154203A}.Release|Any CPU.Build.0 = Release|Any CPU
		{101B9434-C491-4E02-BBCE-2AE4B6F1F3A4}.Debug|Any CPU.ActiveCfg = Debug|Any CPU
		{101B9434-C491-4E02-BBCE-2AE4B6F1F3A4}.Debug|Any CPU.Build.0 = Debug|Any CPU
		{101B9434-C491-4E02-BBCE-2AE4B6F1F3A4}.Release|Any CPU.ActiveCfg = Release|Any CPU
		{101B9434-C491-4E02-BBCE-2AE4B6F1F3A4}.Release|Any CPU.Build.0 = Release|Any CPU
	EndGlobalSection
	GlobalSection(SolutionProperties) = preSolution
		HideSolutionNode = FALSE
	EndGlobalSection
	GlobalSection(ExtensibilityGlobals) = postSolution
		SolutionGuid = {4E127A7C-8196-4909-99CA-ECB5A5569CD3}
	EndGlobalSection
EndGlobal
