
Microsoft Visual Studio Solution File, Format Version 12.00
# Visual Studio Version 17
VisualStudioVersion = 17.10.35013.160
MinimumVisualStudioVersion = 10.0.40219.1
Project("{FAE04EC0-301F-11D3-BF4B-00C04F79EFBC}") = "HandsOnGenericCollections", "HandsOnGenericCollections.csproj", "{D1ADB6FC-BD46-4FFF-8E04-C3BB68284F14}"
EndProject
Global
	GlobalSection(SolutionConfigurationPlatforms) = preSolution
		Debug|Any CPU = Debug|Any CPU
		Release|Any CPU = Release|Any CPU
	EndGlobalSection
	GlobalSection(ProjectConfigurationPlatforms) = postSolution
		{D1ADB6FC-BD46-4FFF-8E04-C3BB68284F14}.Debug|Any CPU.ActiveCfg = Debug|Any CPU
		{D1ADB6FC-BD46-4FFF-8E04-C3BB68284F14}.Debug|Any CPU.Build.0 = Debug|Any CPU
		{D1ADB6FC-BD46-4FFF-8E04-C3BB68284F14}.Release|Any CPU.ActiveCfg = Release|Any CPU
		{D1ADB6FC-BD46-4FFF-8E04-C3BB68284F14}.Release|Any CPU.Build.0 = Release|Any CPU
	EndGlobalSection
	GlobalSection(SolutionProperties) = preSolution
		HideSolutionNode = FALSE
	EndGlobalSection
	GlobalSection(ExtensibilityGlobals) = postSolution
		SolutionGuid = {80BBBCE0-C661-4DB9-A001-37BD133594C3}
	EndGlobalSection
EndGlobal
