
Microsoft Visual Studio Solution File, Format Version 12.00
# Visual Studio Version 17
VisualStudioVersion = 17.10.35027.167
MinimumVisualStudioVersion = 10.0.40219.1
Project("{FAE04EC0-301F-11D3-BF4B-00C04F79EFBC}") = "HandsOnMVCUsingDataBetweenActionMethodView", "HandsOnMVCUsingDataBetweenActionMethodView.csproj", "{D80B06DF-8D30-41E5-9434-FB6EA9BC106C}"
EndProject
Global
	GlobalSection(SolutionConfigurationPlatforms) = preSolution
		Debug|Any CPU = Debug|Any CPU
		Release|Any CPU = Release|Any CPU
	EndGlobalSection
	GlobalSection(ProjectConfigurationPlatforms) = postSolution
		{D80B06DF-8D30-41E5-9434-FB6EA9BC106C}.Debug|Any CPU.ActiveCfg = Debug|Any CPU
		{D80B06DF-8D30-41E5-9434-FB6EA9BC106C}.Debug|Any CPU.Build.0 = Debug|Any CPU
		{D80B06DF-8D30-41E5-9434-FB6EA9BC106C}.Release|Any CPU.ActiveCfg = Release|Any CPU
		{D80B06DF-8D30-41E5-9434-FB6EA9BC106C}.Release|Any CPU.Build.0 = Release|Any CPU
	EndGlobalSection
	GlobalSection(SolutionProperties) = preSolution
		HideSolutionNode = FALSE
	EndGlobalSection
	GlobalSection(ExtensibilityGlobals) = postSolution
		SolutionGuid = {BDD35543-8FA0-4032-A953-6FBDB95DDE83}
	EndGlobalSection
EndGlobal
