
Microsoft Visual Studio Solution File, Format Version 12.00
# Visual Studio Version 17
VisualStudioVersion = 17.9.34723.18
MinimumVisualStudioVersion = 10.0.40219.1
Project("{FAE04EC0-301F-11D3-BF4B-00C04F79EFBC}") = "Jeanstackapi", "Jeanstackapi.csproj", "{DE325A1D-0E30-4E40-87F2-CABC584AFEFC}"
EndProject
Global
	GlobalSection(SolutionConfigurationPlatforms) = preSolution
		Debug|Any CPU = Debug|Any CPU
		Release|Any CPU = Release|Any CPU
	EndGlobalSection
	GlobalSection(ProjectConfigurationPlatforms) = postSolution
		{DE325A1D-0E30-4E40-87F2-CABC584AFEFC}.Debug|Any CPU.ActiveCfg = Debug|Any CPU
		{DE325A1D-0E30-4E40-87F2-CABC584AFEFC}.Debug|Any CPU.Build.0 = Debug|Any CPU
		{DE325A1D-0E30-4E40-87F2-CABC584AFEFC}.Release|Any CPU.ActiveCfg = Release|Any CPU
		{DE325A1D-0E30-4E40-87F2-CABC584AFEFC}.Release|Any CPU.Build.0 = Release|Any CPU
	EndGlobalSection
	GlobalSection(SolutionProperties) = preSolution
		HideSolutionNode = FALSE
	EndGlobalSection
	GlobalSection(ExtensibilityGlobals) = postSolution
		SolutionGuid = {8A1D6581-4096-4159-80A8-993FC0EA219B}
	EndGlobalSection
EndGlobal
