
Microsoft Visual Studio Solution File, Format Version 12.00
# Visual Studio Version 17
VisualStudioVersion = 17.10.35027.167
MinimumVisualStudioVersion = 10.0.40219.1
Project("{9A19103F-16F7-4668-BE54-9A1E7A4F7556}") = "HandsOnAPIUsingEFCodeFirst", "HandsOnAPIUsingEFCodeFirst.csproj", "{8B724DC8-D63E-4311-8DCE-7B78B5454316}"
EndProject
Global
	GlobalSection(SolutionConfigurationPlatforms) = preSolution
		Debug|Any CPU = Debug|Any CPU
		Release|Any CPU = Release|Any CPU
	EndGlobalSection
	GlobalSection(ProjectConfigurationPlatforms) = postSolution
		{8B724DC8-D63E-4311-8DCE-7B78B5454316}.Debug|Any CPU.ActiveCfg = Debug|Any CPU
		{8B724DC8-D63E-4311-8DCE-7B78B5454316}.Debug|Any CPU.Build.0 = Debug|Any CPU
		{8B724DC8-D63E-4311-8DCE-7B78B5454316}.Release|Any CPU.ActiveCfg = Release|Any CPU
		{8B724DC8-D63E-4311-8DCE-7B78B5454316}.Release|Any CPU.Build.0 = Release|Any CPU
	EndGlobalSection
	GlobalSection(SolutionProperties) = preSolution
		HideSolutionNode = FALSE
	EndGlobalSection
	GlobalSection(ExtensibilityGlobals) = postSolution
		SolutionGuid = {67244461-B61B-458E-8D2D-AB257F4C5793}
	EndGlobalSection
EndGlobal
