
Microsoft Visual Studio Solution File, Format Version 12.00
# Visual Studio Version 17
VisualStudioVersion = 17.8.34330.188
MinimumVisualStudioVersion = 10.0.40219.1
Project("{FAE04EC0-301F-11D3-BF4B-00C04F79EFBC}") = "HandsOnAPIUsingModelValidation", "HandsOnAPIUsingModelValidation.csproj", "{E83F28BD-0E9F-483D-BC85-CB3A848BEF18}"
EndProject
Global
	GlobalSection(SolutionConfigurationPlatforms) = preSolution
		Debug|Any CPU = Debug|Any CPU
		Release|Any CPU = Release|Any CPU
	EndGlobalSection
	GlobalSection(ProjectConfigurationPlatforms) = postSolution
		{E83F28BD-0E9F-483D-BC85-CB3A848BEF18}.Debug|Any CPU.ActiveCfg = Debug|Any CPU
		{E83F28BD-0E9F-483D-BC85-CB3A848BEF18}.Debug|Any CPU.Build.0 = Debug|Any CPU
		{E83F28BD-0E9F-483D-BC85-CB3A848BEF18}.Release|Any CPU.ActiveCfg = Release|Any CPU
		{E83F28BD-0E9F-483D-BC85-CB3A848BEF18}.Release|Any CPU.Build.0 = Release|Any CPU
	EndGlobalSection
	GlobalSection(SolutionProperties) = preSolution
		HideSolutionNode = FALSE
	EndGlobalSection
	GlobalSection(ExtensibilityGlobals) = postSolution
		SolutionGuid = {0B58BBC8-4017-4E72-8CEE-CE32B12657CD}
	EndGlobalSection
EndGlobal
