
Microsoft Visual Studio Solution File, Format Version 12.00
# Visual Studio Version 16
VisualStudioVersion = 16.0.32802.440
MinimumVisualStudioVersion = 10.0.40219.1
Project("{FAE04EC0-301F-11D3-BF4B-00C04F79EFBC}") = "HandsOnConstructors", "HandsOnConstructors\HandsOnConstructors.csproj", "{5013EF91-8472-4275-8EAF-246D6257D550}"
EndProject
Global
	GlobalSection(SolutionConfigurationPlatforms) = preSolution
		Debug|Any CPU = Debug|Any CPU
		Release|Any CPU = Release|Any CPU
	EndGlobalSection
	GlobalSection(ProjectConfigurationPlatforms) = postSolution
		{5013EF91-8472-4275-8EAF-246D6257D550}.Debug|Any CPU.ActiveCfg = Debug|Any CPU
		{5013EF91-8472-4275-8EAF-246D6257D550}.Debug|Any CPU.Build.0 = Debug|Any CPU
		{5013EF91-8472-4275-8EAF-246D6257D550}.Release|Any CPU.ActiveCfg = Release|Any CPU
		{5013EF91-8472-4275-8EAF-246D6257D550}.Release|Any CPU.Build.0 = Release|Any CPU
	EndGlobalSection
	GlobalSection(SolutionProperties) = preSolution
		HideSolutionNode = FALSE
	EndGlobalSection
	GlobalSection(ExtensibilityGlobals) = postSolution
		SolutionGuid = {F7CE4D5C-0A90-4005-93A1-27F0170C036F}
	EndGlobalSection
EndGlobal
