
Microsoft Visual Studio Solution File, Format Version 12.00
# Visual Studio Version 17
VisualStudioVersion = 17.10.35027.167
MinimumVisualStudioVersion = 10.0.40219.1
Project("{FAE04EC0-301F-11D3-BF4B-00C04F79EFBC}") = "MVCClient", "MVCClient.csproj", "{2912F6E4-73E0-4ED1-A07D-65525AF99631}"
EndProject
Global
	GlobalSection(SolutionConfigurationPlatforms) = preSolution
		Debug|Any CPU = Debug|Any CPU
		Release|Any CPU = Release|Any CPU
	EndGlobalSection
	GlobalSection(ProjectConfigurationPlatforms) = postSolution
		{2912F6E4-73E0-4ED1-A07D-65525AF99631}.Debug|Any CPU.ActiveCfg = Debug|Any CPU
		{2912F6E4-73E0-4ED1-A07D-65525AF99631}.Debug|Any CPU.Build.0 = Debug|Any CPU
		{2912F6E4-73E0-4ED1-A07D-65525AF99631}.Release|Any CPU.ActiveCfg = Release|Any CPU
		{2912F6E4-73E0-4ED1-A07D-65525AF99631}.Release|Any CPU.Build.0 = Release|Any CPU
	EndGlobalSection
	GlobalSection(SolutionProperties) = preSolution
		HideSolutionNode = FALSE
	EndGlobalSection
	GlobalSection(ExtensibilityGlobals) = postSolution
		SolutionGuid = {BC8592D6-70C6-4F1A-A3B1-6389727A6123}
	EndGlobalSection
EndGlobal
