
Microsoft Visual Studio Solution File, Format Version 12.00
# Visual Studio Version 17
VisualStudioVersion = 17.7.34031.279
MinimumVisualStudioVersion = 10.0.40219.1
Project("{9A19103F-16F7-4668-BE54-9A1E7A4F7556}") = "HandsOnExceptions", "HandsOnExceptions\HandsOnExceptions.csproj", "{63303933-5287-4B5C-A8B7-53C7E262567C}"
EndProject
Global
	GlobalSection(SolutionConfigurationPlatforms) = preSolution
		Debug|Any CPU = Debug|Any CPU
		Release|Any CPU = Release|Any CPU
	EndGlobalSection
	GlobalSection(ProjectConfigurationPlatforms) = postSolution
		{63303933-5287-4B5C-A8B7-53C7E262567C}.Debug|Any CPU.ActiveCfg = Debug|Any CPU
		{63303933-5287-4B5C-A8B7-53C7E262567C}.Debug|Any CPU.Build.0 = Debug|Any CPU
		{63303933-5287-4B5C-A8B7-53C7E262567C}.Release|Any CPU.ActiveCfg = Release|Any CPU
		{63303933-5287-4B5C-A8B7-53C7E262567C}.Release|Any CPU.Build.0 = Release|Any CPU
	EndGlobalSection
	GlobalSection(SolutionProperties) = preSolution
		HideSolutionNode = FALSE
	EndGlobalSection
	GlobalSection(ExtensibilityGlobals) = postSolution
		SolutionGuid = {5F40E834-1403-424F-9F83-A45BFC123C92}
	EndGlobalSection
EndGlobal
