
Microsoft Visual Studio Solution File, Format Version 12.00
# Visual Studio Version 17
VisualStudioVersion = 17.6.33829.357
MinimumVisualStudioVersion = 10.0.40219.1
Project("{9A19103F-16F7-4668-BE54-9A1E7A4F7556}") = "ProductAPI", "ProductAPI\ProductAPI.csproj", "{71E0DD34-1689-4BDB-80FF-83C5FD70FECA}"
EndProject
Project("{9A19103F-16F7-4668-BE54-9A1E7A4F7556}") = "UnitTestingWithMoq", "UnitTestingWithMoq\UnitTestingWithMoq.csproj", "{F96A098A-6D85-48D3-8778-4762E57D13B8}"
EndProject
Global
	GlobalSection(SolutionConfigurationPlatforms) = preSolution
		Debug|Any CPU = Debug|Any CPU
		Release|Any CPU = Release|Any CPU
	EndGlobalSection
	GlobalSection(ProjectConfigurationPlatforms) = postSolution
		{71E0DD34-1689-4BDB-80FF-83C5FD70FECA}.Debug|Any CPU.ActiveCfg = Debug|Any CPU
		{71E0DD34-1689-4BDB-80FF-83C5FD70FECA}.Debug|Any CPU.Build.0 = Debug|Any CPU
		{71E0DD34-1689-4BDB-80FF-83C5FD70FECA}.Release|Any CPU.ActiveCfg = Release|Any CPU
		{71E0DD34-1689-4BDB-80FF-83C5FD70FECA}.Release|Any CPU.Build.0 = Release|Any CPU
		{F96A098A-6D85-48D3-8778-4762E57D13B8}.Debug|Any CPU.ActiveCfg = Debug|Any CPU
		{F96A098A-6D85-48D3-8778-4762E57D13B8}.Debug|Any CPU.Build.0 = Debug|Any CPU
		{F96A098A-6D85-48D3-8778-4762E57D13B8}.Release|Any CPU.ActiveCfg = Release|Any CPU
		{F96A098A-6D85-48D3-8778-4762E57D13B8}.Release|Any CPU.Build.0 = Release|Any CPU
	EndGlobalSection
	GlobalSection(SolutionProperties) = preSolution
		HideSolutionNode = FALSE
	EndGlobalSection
	GlobalSection(ExtensibilityGlobals) = postSolution
		SolutionGuid = {EBBEA0B8-8DB8-411D-A587-AD0F9127D7C0}
	EndGlobalSection
EndGlobal
